// !$*UTF8*$!
{
	archiveVersion = 1;
	classes = {
	};
	objectVersion = 55;
	objects = {

/* Begin PBXBuildFile section */
		F85B45AF283C061900F7EE16 /* AppDelegate.swift in Sources */ = {isa = PBXBuildFile; fileRef = F85B45AE283C061900F7EE16 /* AppDelegate.swift */; };
		F85B45B1283C061900F7EE16 /* SceneDelegate.swift in Sources */ = {isa = PBXBuildFile; fileRef = F85B45B0283C061900F7EE16 /* SceneDelegate.swift */; };
		F85B45B3283C061900F7EE16 /* ViewController.swift in Sources */ = {isa = PBXBuildFile; fileRef = F85B45B2283C061900F7EE16 /* ViewController.swift */; };
		F85B45B6283C061900F7EE16 /* Main.storyboard in Resources */ = {isa = PBXBuildFile; fileRef = F85B45B4283C061900F7EE16 /* Main.storyboard */; };
		F85B45B8283C061900F7EE16 /* Assets.xcassets in Resources */ = {isa = PBXBuildFile; fileRef = F85B45B7283C061900F7EE16 /* Assets.xcassets */; };
		F85B45BB283C061900F7EE16 /* LaunchScreen.storyboard in Resources */ = {isa = PBXBuildFile; fileRef = F85B45B9283C061900F7EE16 /* LaunchScreen.storyboard */; };
		F85B45C6283C061900F7EE16 /* Messenger_AcademyTests.swift in Sources */ = {isa = PBXBuildFile; fileRef = F85B45C5283C061900F7EE16 /* Messenger_AcademyTests.swift */; };
		F85B45D0283C061900F7EE16 /* Messenger_AcademyUITests.swift in Sources */ = {isa = PBXBuildFile; fileRef = F85B45CF283C061900F7EE16 /* Messenger_AcademyUITests.swift */; };
		F85B45D2283C061900F7EE16 /* Messenger_AcademyUITestsLaunchTests.swift in Sources */ = {isa = PBXBuildFile; fileRef = F85B45D1283C061900F7EE16 /* Messenger_AcademyUITestsLaunchTests.swift */; };
/* End PBXBuildFile section */

/* Begin PBXContainerItemProxy section */
		F85B45C2283C061900F7EE16 /* PBXContainerItemProxy */ = {
			isa = PBXContainerItemProxy;
			containerPortal = F85B45A3283C061900F7EE16 /* Project object */;
			proxyType = 1;
			remoteGlobalIDString = F85B45AA283C061900F7EE16;
			remoteInfo = "Messenger Academy";
		};
		F85B45CC283C061900F7EE16 /* PBXContainerItemProxy */ = {
			isa = PBXContainerItemProxy;
			containerPortal = F85B45A3283C061900F7EE16 /* Project object */;
			proxyType = 1;
			remoteGlobalIDString = F85B45AA283C061900F7EE16;
			remoteInfo = "Messenger Academy";
		};
/* End PBXContainerItemProxy section */

/* Begin PBXFileReference section */
		F85B45AB283C061900F7EE16 /* Messenger Academy.app */ = {isa = PBXFileReference; explicitFileType = wrapper.application; includeInIndex = 0; path = "Messenger Academy.app"; sourceTree = BUILT_PRODUCTS_DIR; };
		F85B45AE283C061900F7EE16 /* AppDelegate.swift */ = {isa = PBXFileReference; lastKnownFileType = sourcecode.swift; path = AppDelegate.swift; sourceTree = "<group>"; };
		F85B45B0283C061900F7EE16 /* SceneDelegate.swift */ = {isa = PBXFileReference; lastKnownFileType = sourcecode.swift; path = SceneDelegate.swift; sourceTree = "<group>"; };
		F85B45B2283C061900F7EE16 /* ViewController.swift */ = {isa = PBXFileReference; lastKnownFileType = sourcecode.swift; path = ViewController.swift; sourceTree = "<group>"; };
		F85B45B5283C061900F7EE16 /* Base */ = {isa = PBXFileReference; lastKnownFileType = file.storyboard; name = Base; path = Base.lproj/Main.storyboard; sourceTree = "<group>"; };
		F85B45B7283C061900F7EE16 /* Assets.xcassets */ = {isa = PBXFileReference; lastKnownFileType = folder.assetcatalog; path = Assets.xcassets; sourceTree = "<group>"; };
		F85B45BA283C061900F7EE16 /* Base */ = {isa = PBXFileReference; lastKnownFileType = file.storyboard; name = Base; path = Base.lproj/LaunchScreen.storyboard; sourceTree = "<group>"; };
		F85B45BC283C061900F7EE16 /* Info.plist */ = {isa = PBXFileReference; lastKnownFileType = text.plist.xml; path = Info.plist; sourceTree = "<group>"; };
		F85B45C1283C061900F7EE16 /* Messenger AcademyTests.xctest */ = {isa = PBXFileReference; explicitFileType = wrapper.cfbundle; includeInIndex = 0; path = "Messenger AcademyTests.xctest"; sourceTree = BUILT_PRODUCTS_DIR; };
		F85B45C5283C061900F7EE16 /* Messenger_AcademyTests.swift */ = {isa = PBXFileReference; lastKnownFileType = sourcecode.swift; path = Messenger_AcademyTests.swift; sourceTree = "<group>"; };
		F85B45CB283C061900F7EE16 /* Messenger AcademyUITests.xctest */ = {isa = PBXFileReference; explicitFileType = wrapper.cfbundle; includeInIndex = 0; path = "Messenger AcademyUITests.xctest"; sourceTree = BUILT_PRODUCTS_DIR; };
		F85B45CF283C061900F7EE16 /* Messenger_AcademyUITests.swift */ = {isa = PBXFileReference; lastKnownFileType = sourcecode.swift; path = Messenger_AcademyUITests.swift; sourceTree = "<group>"; };
		F85B45D1283C061900F7EE16 /* Messenger_AcademyUITestsLaunchTests.swift */ = {isa = PBXFileReference; lastKnownFileType = sourcecode.swift; path = Messenger_AcademyUITestsLaunchTests.swift; sourceTree = "<group>"; };
/* End PBXFileReference section */

/* Begin PBXFrameworksBuildPhase section */
		F85B45A8283C061900F7EE16 /* Frameworks */ = {
			isa = PBXFrameworksBuildPhase;
			buildActionMask = 2147483647;
			files = (
			);
			runOnlyForDeploymentPostprocessing = 0;
		};
		F85B45BE283C061900F7EE16 /* Frameworks */ = {
			isa = PBXFrameworksBuildPhase;
			buildActionMask = 2147483647;
			files = (
			);
			runOnlyForDeploymentPostprocessing = 0;
		};
		F85B45C8283C061900F7EE16 /* Frameworks */ = {
			isa = PBXFrameworksBuildPhase;
			buildActionMask = 2147483647;
			files = (
			);
			runOnlyForDeploymentPostprocessing = 0;
		};
/* End PBXFrameworksBuildPhase section */

/* Begin PBXGroup section */
		F85B45A2283C061900F7EE16 = {
			isa = PBXGroup;
			children = (
				F85B45AD283C061900F7EE16 /* Messenger Academy */,
				F85B45C4283C061900F7EE16 /* Messenger AcademyTests */,
				F85B45CE283C061900F7EE16 /* Messenger AcademyUITests */,
				F85B45AC283C061900F7EE16 /* Products */,
			);
			sourceTree = "<group>";
		};
		F85B45AC283C061900F7EE16 /* Products */ = {
			isa = PBXGroup;
			children = (
				F85B45AB283C061900F7EE16 /* Messenger Academy.app */,
				F85B45C1283C061900F7EE16 /* Messenger AcademyTests.xctest */,
				F85B45CB283C061900F7EE16 /* Messenger AcademyUITests.xctest */,
			);
			name = Products;
			sourceTree = "<group>";
		};
		F85B45AD283C061900F7EE16 /* Messenger Academy */ = {
			isa = PBXGroup;
			children = (
				F85B45AE283C061900F7EE16 /* AppDelegate.swift */,
				F85B45B0283C061900F7EE16 /* SceneDelegate.swift */,
				F85B45B2283C061900F7EE16 /* ViewController.swift */,
				F85B45B4283C061900F7EE16 /* Main.storyboard */,
				F85B45B7283C061900F7EE16 /* Assets.xcassets */,
				F85B45B9283C061900F7EE16 /* LaunchScreen.storyboard */,
				F85B45BC283C061900F7EE16 /* Info.plist */,
			);
			path = "Messenger Academy";
			sourceTree = "<group>";
		};
		F85B45C4283C061900F7EE16 /* Messenger AcademyTests */ = {
			isa = PBXGroup;
			children = (
				F85B45C5283C061900F7EE16 /* Messenger_AcademyTests.swift */,
			);
			path = "Messenger AcademyTests";
			sourceTree = "<group>";
		};
		F85B45CE283C061900F7EE16 /* Messenger AcademyUITests */ = {
			isa = PBXGroup;
			children = (
				F85B45CF283C061900F7EE16 /* Messenger_AcademyUITests.swift */,
				F85B45D1283C061900F7EE16 /* Messenger_AcademyUITestsLaunchTests.swift */,
			);
			path = "Messenger AcademyUITests";
			sourceTree = "<group>";
		};
/* End PBXGroup section */

/* Begin PBXNativeTarget section */
		F85B45AA283C061900F7EE16 /* Messenger Academy */ = {
			isa = PBXNativeTarget;
			buildConfigurationList = F85B45D5283C061900F7EE16 /* Build configuration list for PBXNativeTarget "Messenger Academy" */;
			buildPhases = (
				F85B45A7283C061900F7EE16 /* Sources */,
				F85B45A8283C061900F7EE16 /* Frameworks */,
				F85B45A9283C061900F7EE16 /* Resources */,
			);
			buildRules = (
			);
			dependencies = (
			);
			name = "Messenger Academy";
			productName = "Messenger Academy";
			productReference = F85B45AB283C061900F7EE16 /* Messenger Academy.app */;
			productType = "com.apple.product-type.application";
		};
		F85B45C0283C061900F7EE16 /* Messenger AcademyTests */ = {
			isa = PBXNativeTarget;
			buildConfigurationList = F85B45D8283C061900F7EE16 /* Build configuration list for PBXNativeTarget "Messenger AcademyTests" */;
			buildPhases = (
				F85B45BD283C061900F7EE16 /* Sources */,
				F85B45BE283C061900F7EE16 /* Frameworks */,
				F85B45BF283C061900F7EE16 /* Resources */,
			);
			buildRules = (
			);
			dependencies = (
				F85B45C3283C061900F7EE16 /* PBXTargetDependency */,
			);
			name = "Messenger AcademyTests";
			productName = "Messenger AcademyTests";
			productReference = F85B45C1283C061900F7EE16 /* Messenger AcademyTests.xctest */;
			productType = "com.apple.product-type.bundle.unit-test";
		};
		F85B45CA283C061900F7EE16 /* Messenger AcademyUITests */ = {
			isa = PBXNativeTarget;
			buildConfigurationList = F85B45DB283C061900F7EE16 /* Build configuration list for PBXNativeTarget "Messenger AcademyUITests" */;
			buildPhases = (
				F85B45C7283C061900F7EE16 /* Sources */,
				F85B45C8283C061900F7EE16 /* Frameworks */,
				F85B45C9283C061900F7EE16 /* Resources */,
			);
			buildRules = (
			);
			dependencies = (
				F85B45CD283C061900F7EE16 /* PBXTargetDependency */,
			);
			name = "Messenger AcademyUITests";
			productName = "Messenger AcademyUITests";
			productReference = F85B45CB283C061900F7EE16 /* Messenger AcademyUITests.xctest */;
			productType = "com.apple.product-type.bundle.ui-testing";
		};
/* End PBXNativeTarget section */

/* Begin PBXProject section */
		F85B45A3283C061900F7EE16 /* Project object */ = {
			isa = PBXProject;
			attributes = {
				BuildIndependentTargetsInParallel = 1;
				LastSwiftUpdateCheck = 1340;
				LastUpgradeCheck = 1340;
				TargetAttributes = {
					F85B45AA283C061900F7EE16 = {
						CreatedOnToolsVersion = 13.4;
					};
					F85B45C0283C061900F7EE16 = {
						CreatedOnToolsVersion = 13.4;
						TestTargetID = F85B45AA283C061900F7EE16;
					};
					F85B45CA283C061900F7EE16 = {
						CreatedOnToolsVersion = 13.4;
						TestTargetID = F85B45AA283C061900F7EE16;
					};
				};
			};
			buildConfigurationList = F85B45A6283C061900F7EE16 /* Build configuration list for PBXProject "Messenger Academy" */;
			compatibilityVersion = "Xcode 13.0";
			developmentRegion = en;
			hasScannedForEncodings = 0;
			knownRegions = (
				en,
				Base,
			);
			mainGroup = F85B45A2283C061900F7EE16;
			productRefGroup = F85B45AC283C061900F7EE16 /* Products */;
			projectDirPath = "";
			projectRoot = "";
			targets = (
				F85B45AA283C061900F7EE16 /* Messenger Academy */,
				F85B45C0283C061900F7EE16 /* Messenger AcademyTests */,
				F85B45CA283C061900F7EE16 /* Messenger AcademyUITests */,
			);
		};
/* End PBXProject section */

/* Begin PBXResourcesBuildPhase section */
		F85B45A9283C061900F7EE16 /* Resources */ = {
			isa = PBXResourcesBuildPhase;
			buildActionMask = 2147483647;
			files = (
				F85B45BB283C061900F7EE16 /* LaunchScreen.storyboard in Resources */,
				F85B45B8283C061900F7EE16 /* Assets.xcassets in Resources */,
				F85B45B6283C061900F7EE16 /* Main.storyboard in Resources */,
			);
			runOnlyForDeploymentPostprocessing = 0;
		};
		F85B45BF283C061900F7EE16 /* Resources */ = {
			isa = PBXResourcesBuildPhase;
			buildActionMask = 2147483647;
			files = (
			);
			runOnlyForDeploymentPostprocessing = 0;
		};
		F85B45C9283C061900F7EE16 /* Resources */ = {
			isa = PBXResourcesBuildPhase;
			buildActionMask = 2147483647;
			files = (
			);
			runOnlyForDeploymentPostprocessing = 0;
		};
/* End PBXResourcesBuildPhase section */

/* Begin PBXSourcesBuildPhase section */
		F85B45A7283C061900F7EE16 /* Sources */ = {
			isa = PBXSourcesBuildPhase;
			buildActionMask = 2147483647;
			files = (
				F85B45B3283C061900F7EE16 /* ViewController.swift in Sources */,
				F85B45AF283C061900F7EE16 /* AppDelegate.swift in Sources */,
				F85B45B1283C061900F7EE16 /* SceneDelegate.swift in Sources */,
			);
			runOnlyForDeploymentPostprocessing = 0;
		};
		F85B45BD283C061900F7EE16 /* Sources */ = {
			isa = PBXSourcesBuildPhase;
			buildActionMask = 2147483647;
			files = (
				F85B45C6283C061900F7EE16 /* Messenger_AcademyTests.swift in Sources */,
			);
			runOnlyForDeploymentPostprocessing = 0;
		};
		F85B45C7283C061900F7EE16 /* Sources */ = {
			isa = PBXSourcesBuildPhase;
			buildActionMask = 2147483647;
			files = (
				F85B45D0283C061900F7EE16 /* Messenger_AcademyUITests.swift in Sources */,
				F85B45D2283C061900F7EE16 /* Messenger_AcademyUITestsLaunchTests.swift in Sources */,
			);
			runOnlyForDeploymentPostprocessing = 0;
		};
/* End PBXSourcesBuildPhase section */

/* Begin PBXTargetDependency section */
		F85B45C3283C061900F7EE16 /* PBXTargetDependency */ = {
			isa = PBXTargetDependency;
			target = F85B45AA283C061900F7EE16 /* Messenger Academy */;
			targetProxy = F85B45C2283C061900F7EE16 /* PBXContainerItemProxy */;
		};
		F85B45CD283C061900F7EE16 /* PBXTargetDependency */ = {
			isa = PBXTargetDependency;
			target = F85B45AA283C061900F7EE16 /* Messenger Academy */;
			targetProxy = F85B45CC283C061900F7EE16 /* PBXContainerItemProxy */;
		};
/* End PBXTargetDependency section */

/* Begin PBXVariantGroup section */
		F85B45B4283C061900F7EE16 /* Main.storyboard */ = {
			isa = PBXVariantGroup;
			children = (
				F85B45B5283C061900F7EE16 /* Base */,
			);
			name = Main.storyboard;
			sourceTree = "<group>";
		};
		F85B45B9283C061900F7EE16 /* LaunchScreen.storyboard */ = {
			isa = PBXVariantGroup;
			children = (
				F85B45BA283C061900F7EE16 /* Base */,
			);
			name = LaunchScreen.storyboard;
			sourceTree = "<group>";
		};
/* End PBXVariantGroup section */

/* Begin XCBuildConfiguration section */
		F85B45D3283C061900F7EE16 /* Debug */ = {
			isa = XCBuildConfiguration;
			buildSettings = {
				ALWAYS_SEARCH_USER_PATHS = NO;
				CLANG_ANALYZER_NONNULL = YES;
				CLANG_ANALYZER_NUMBER_OBJECT_CONVERSION = YES_AGGRESSIVE;
				CLANG_CXX_LANGUAGE_STANDARD = "gnu++17";
				CLANG_ENABLE_MODULES = YES;
				CLANG_ENABLE_OBJC_ARC = YES;
				CLANG_ENABLE_OBJC_WEAK = YES;
				CLANG_WARN_BLOCK_CAPTURE_AUTORELEASING = YES;
				CLANG_WARN_BOOL_CONVERSION = YES;
				CLANG_WARN_COMMA = YES;
				CLANG_WARN_CONSTANT_CONVERSION = YES;
				CLANG_WARN_DEPRECATED_OBJC_IMPLEMENTATIONS = YES;
				CLANG_WARN_DIRECT_OBJC_ISA_USAGE = YES_ERROR;
				CLANG_WARN_DOCUMENTATION_COMMENTS = YES;
				CLANG_WARN_EMPTY_BODY = YES;
				CLANG_WARN_ENUM_CONVERSION = YES;
				CLANG_WARN_INFINITE_RECURSION = YES;
				CLANG_WARN_INT_CONVERSION = YES;
				CLANG_WARN_NON_LITERAL_NULL_CONVERSION = YES;
				CLANG_WARN_OBJC_IMPLICIT_RETAIN_SELF = YES;
				CLANG_WARN_OBJC_LITERAL_CONVERSION = YES;
				CLANG_WARN_OBJC_ROOT_CLASS = YES_ERROR;
				CLANG_WARN_QUOTED_INCLUDE_IN_FRAMEWORK_HEADER = YES;
				CLANG_WARN_RANGE_LOOP_ANALYSIS = YES;
				CLANG_WARN_STRICT_PROTOTYPES = YES;
				CLANG_WARN_SUSPICIOUS_MOVE = YES;
				CLANG_WARN_UNGUARDED_AVAILABILITY = YES_AGGRESSIVE;
				CLANG_WARN_UNREACHABLE_CODE = YES;
				CLANG_WARN__DUPLICATE_METHOD_MATCH = YES;
				COPY_PHASE_STRIP = NO;
				DEBUG_INFORMATION_FORMAT = dwarf;
				ENABLE_STRICT_OBJC_MSGSEND = YES;
				ENABLE_TESTABILITY = YES;
				GCC_C_LANGUAGE_STANDARD = gnu11;
				GCC_DYNAMIC_NO_PIC = NO;
				GCC_NO_COMMON_BLOCKS = YES;
				GCC_OPTIMIZATION_LEVEL = 0;
				GCC_PREPROCESSOR_DEFINITIONS = (
					"DEBUG=1",
					"$(inherited)",
				);
				GCC_WARN_64_TO_32_BIT_CONVERSION = YES;
				GCC_WARN_ABOUT_RETURN_TYPE = YES_ERROR;
				GCC_WARN_UNDECLARED_SELECTOR = YES;
				GCC_WARN_UNINITIALIZED_AUTOS = YES_AGGRESSIVE;
				GCC_WARN_UNUSED_FUNCTION = YES;
				GCC_WARN_UNUSED_VARIABLE = YES;
				IPHONEOS_DEPLOYMENT_TARGET = 15.5;
				MTL_ENABLE_DEBUG_INFO = INCLUDE_SOURCE;
				MTL_FAST_MATH = YES;
				ONLY_ACTIVE_ARCH = YES;
				SDKROOT = iphoneos;
				SWIFT_ACTIVE_COMPILATION_CONDITIONS = DEBUG;
				SWIFT_OPTIMIZATION_LEVEL = "-Onone";
			};
			name = Debug;
		};
		F85B45D4283C061900F7EE16 /* Release */ = {
			isa = XCBuildConfiguration;
			buildSettings = {
				ALWAYS_SEARCH_USER_PATHS = NO;
				CLANG_ANALYZER_NONNULL = YES;
				CLANG_ANALYZER_NUMBER_OBJECT_CONVERSION = YES_AGGRESSIVE;
				CLANG_CXX_LANGUAGE_STANDARD = "gnu++17";
				CLANG_ENABLE_MODULES = YES;
				CLANG_ENABLE_OBJC_ARC = YES;
				CLANG_ENABLE_OBJC_WEAK = YES;
				CLANG_WARN_BLOCK_CAPTURE_AUTORELEASING = YES;
				CLANG_WARN_BOOL_CONVERSION = YES;
				CLANG_WARN_COMMA = YES;
				CLANG_WARN_CONSTANT_CONVERSION = YES;
				CLANG_WARN_DEPRECATED_OBJC_IMPLEMENTATIONS = YES;
				CLANG_WARN_DIRECT_OBJC_ISA_USAGE = YES_ERROR;
				CLANG_WARN_DOCUMENTATION_COMMENTS = YES;
				CLANG_WARN_EMPTY_BODY = YES;
				CLANG_WARN_ENUM_CONVERSION = YES;
				CLANG_WARN_INFINITE_RECURSION = YES;
				CLANG_WARN_INT_CONVERSION = YES;
				CLANG_WARN_NON_LITERAL_NULL_CONVERSION = YES;
				CLANG_WARN_OBJC_IMPLICIT_RETAIN_SELF = YES;
				CLANG_WARN_OBJC_LITERAL_CONVERSION = YES;
				CLANG_WARN_OBJC_ROOT_CLASS = YES_ERROR;
				CLANG_WARN_QUOTED_INCLUDE_IN_FRAMEWORK_HEADER = YES;
				CLANG_WARN_RANGE_LOOP_ANALYSIS = YES;
				CLANG_WARN_STRICT_PROTOTYPES = YES;
				CLANG_WARN_SUSPICIOUS_MOVE = YES;
				CLANG_WARN_UNGUARDED_AVAILABILITY = YES_AGGRESSIVE;
				CLANG_WARN_UNREACHABLE_CODE = YES;
				CLANG_WARN__DUPLICATE_METHOD_MATCH = YES;
				COPY_PHASE_STRIP = NO;
				DEBUG_INFORMATION_FORMAT = "dwarf-with-dsym";
				ENABLE_NS_ASSERTIONS = NO;
				ENABLE_STRICT_OBJC_MSGSEND = YES;
				GCC_C_LANGUAGE_STANDARD = gnu11;
				GCC_NO_COMMON_BLOCKS = YES;
				GCC_WARN_64_TO_32_BIT_CONVERSION = YES;
				GCC_WARN_ABOUT_RETURN_TYPE = YES_ERROR;
				GCC_WARN_UNDECLARED_SELECTOR = YES;
				GCC_WARN_UNINITIALIZED_AUTOS = YES_AGGRESSIVE;
				GCC_WARN_UNUSED_FUNCTION = YES;
				GCC_WARN_UNUSED_VARIABLE = YES;
				IPHONEOS_DEPLOYMENT_TARGET = 15.5;
				MTL_ENABLE_DEBUG_INFO = NO;
				MTL_FAST_MATH = YES;
				SDKROOT = iphoneos;
				SWIFT_COMPILATION_MODE = wholemodule;
				SWIFT_OPTIMIZATION_LEVEL = "-O";
				VALIDATE_PRODUCT = YES;
			};
			name = Release;
		};
		F85B45D6283C061900F7EE16 /* Debug */ = {
			isa = XCBuildConfiguration;
			buildSettings = {
				ASSETCATALOG_COMPILER_APPICON_NAME = AppIcon;
				ASSETCATALOG_COMPILER_GLOBAL_ACCENT_COLOR_NAME = AccentColor;
				CODE_SIGN_STYLE = Automatic;
				CURRENT_PROJECT_VERSION = 1;
				DEVELOPMENT_TEAM = 724JKJ7384;
				GENERATE_INFOPLIST_FILE = YES;
				INFOPLIST_FILE = "Messenger Academy/Info.plist";
				INFOPLIST_KEY_UIApplicationSupportsIndirectInputEvents = YES;
				INFOPLIST_KEY_UILaunchStoryboardName = LaunchScreen;
				INFOPLIST_KEY_UIMainStoryboardFile = Main;
				INFOPLIST_KEY_UISupportedInterfaceOrientations_iPad = "UIInterfaceOrientationPortrait UIInterfaceOrientationPortraitUpsideDown UIInterfaceOrientationLandscapeLeft UIInterfaceOrientationLandscapeRight";
				INFOPLIST_KEY_UISupportedInterfaceOrientations_iPhone = "UIInterfaceOrientationPortrait UIInterfaceOrientationLandscapeLeft UIInterfaceOrientationLandscapeRight";
				LD_RUNPATH_SEARCH_PATHS = (
					"$(inherited)",
					"@executable_path/Frameworks",
				);
				MARKETING_VERSION = 1.0;
				PRODUCT_BUNDLE_IDENTIFIER = "AppleDeveloperAcademy.Messenger-Academy";
				PRODUCT_NAME = "$(TARGET_NAME)";
				SWIFT_EMIT_LOC_STRINGS = YES;
				SWIFT_VERSION = 5.0;
				TARGETED_DEVICE_FAMILY = "1,2";
			};
			name = Debug;
		};
		F85B45D7283C061900F7EE16 /* Release */ = {
			isa = XCBuildConfiguration;
			buildSettings = {
				ASSETCATALOG_COMPILER_APPICON_NAME = AppIcon;
				ASSETCATALOG_COMPILER_GLOBAL_ACCENT_COLOR_NAME = AccentColor;
				CODE_SIGN_STYLE = Automatic;
				CURRENT_PROJECT_VERSION = 1;
				DEVELOPMENT_TEAM = 724JKJ7384;
				GENERATE_INFOPLIST_FILE = YES;
				INFOPLIST_FILE = "Messenger Academy/Info.plist";
				INFOPLIST_KEY_UIApplicationSupportsIndirectInputEvents = YES;
				INFOPLIST_KEY_UILaunchStoryboardName = LaunchScreen;
				INFOPLIST_KEY_UIMainStoryboardFile = Main;
				INFOPLIST_KEY_UISupportedInterfaceOrientations_iPad = "UIInterfaceOrientationPortrait UIInterfaceOrientationPortraitUpsideDown UIInterfaceOrientationLandscapeLeft UIInterfaceOrientationLandscapeRight";
				INFOPLIST_KEY_UISupportedInterfaceOrientations_iPhone = "UIInterfaceOrientationPortrait UIInterfaceOrientationLandscapeLeft UIInterfaceOrientationLandscapeRight";
				LD_RUNPATH_SEARCH_PATHS = (
					"$(inherited)",
					"@executable_path/Frameworks",
				);
				MARKETING_VERSION = 1.0;
				PRODUCT_BUNDLE_IDENTIFIER = "AppleDeveloperAcademy.Messenger-Academy";
				PRODUCT_NAME = "$(TARGET_NAME)";
				SWIFT_EMIT_LOC_STRINGS = YES;
				SWIFT_VERSION = 5.0;
				TARGETED_DEVICE_FAMILY = "1,2";
			};
			name = Release;
		};
		F85B45D9283C061900F7EE16 /* Debug */ = {
			isa = XCBuildConfiguration;
			buildSettings = {
				ALWAYS_EMBED_SWIFT_STANDARD_LIBRARIES = YES;
				BUNDLE_LOADER = "$(TEST_HOST)";
				CODE_SIGN_STYLE = Automatic;
				CURRENT_PROJECT_VERSION = 1;
				DEVELOPMENT_TEAM = 724JKJ7384;
				GENERATE_INFOPLIST_FILE = YES;
				IPHONEOS_DEPLOYMENT_TARGET = 15.5;
				MARKETING_VERSION = 1.0;
				PRODUCT_BUNDLE_IDENTIFIER = "AppleDeveloperAcademy.Messenger-AcademyTests";
				PRODUCT_NAME = "$(TARGET_NAME)";
				SWIFT_EMIT_LOC_STRINGS = NO;
				SWIFT_VERSION = 5.0;
				TARGETED_DEVICE_FAMILY = "1,2";
				TEST_HOST = "$(BUILT_PRODUCTS_DIR)/Messenger Academy.app/Messenger Academy";
			};
			name = Debug;
		};
		F85B45DA283C061900F7EE16 /* Release */ = {
			isa = XCBuildConfiguration;
			buildSettings = {
				ALWAYS_EMBED_SWIFT_STANDARD_LIBRARIES = YES;
				BUNDLE_LOADER = "$(TEST_HOST)";
				CODE_SIGN_STYLE = Automatic;
				CURRENT_PROJECT_VERSION = 1;
				DEVELOPMENT_TEAM = 724JKJ7384;
				GENERATE_INFOPLIST_FILE = YES;
				IPHONEOS_DEPLOYMENT_TARGET = 15.5;
				MARKETING_VERSION = 1.0;
				PRODUCT_BUNDLE_IDENTIFIER = "AppleDeveloperAcademy.Messenger-AcademyTests";
				PRODUCT_NAME = "$(TARGET_NAME)";
				SWIFT_EMIT_LOC_STRINGS = NO;
				SWIFT_VERSION = 5.0;
				TARGETED_DEVICE_FAMILY = "1,2";
				TEST_HOST = "$(BUILT_PRODUCTS_DIR)/Messenger Academy.app/Messenger Academy";
			};
			name = Release;
		};
		F85B45DC283C061900F7EE16 /* Debug */ = {
			isa = XCBuildConfiguration;
			buildSettings = {
				ALWAYS_EMBED_SWIFT_STANDARD_LIBRARIES = YES;
				CODE_SIGN_STYLE = Automatic;
				CURRENT_PROJECT_VERSION = 1;
				DEVELOPMENT_TEAM = 724JKJ7384;
				GENERATE_INFOPLIST_FILE = YES;
				MARKETING_VERSION = 1.0;
				PRODUCT_BUNDLE_IDENTIFIER = "AppleDeveloperAcademy.Messenger-AcademyUITests";
				PRODUCT_NAME = "$(TARGET_NAME)";
				SWIFT_EMIT_LOC_STRINGS = NO;
				SWIFT_VERSION = 5.0;
				TARGETED_DEVICE_FAMILY = "1,2";
				TEST_TARGET_NAME = "Messenger Academy";
			};
			name = Debug;
		};
		F85B45DD283C061900F7EE16 /* Release */ = {
			isa = XCBuildConfiguration;
			buildSettings = {
				ALWAYS_EMBED_SWIFT_STANDARD_LIBRARIES = YES;
				CODE_SIGN_STYLE = Automatic;
				CURRENT_PROJECT_VERSION = 1;
				DEVELOPMENT_TEAM = 724JKJ7384;
				GENERATE_INFOPLIST_FILE = YES;
				MARKETING_VERSION = 1.0;
				PRODUCT_BUNDLE_IDENTIFIER = "AppleDeveloperAcademy.Messenger-AcademyUITests";
				PRODUCT_NAME = "$(TARGET_NAME)";
				SWIFT_EMIT_LOC_STRINGS = NO;
				SWIFT_VERSION = 5.0;
				TARGETED_DEVICE_FAMILY = "1,2";
				TEST_TARGET_NAME = "Messenger Academy";
			};
			name = Release;
		};
/* End XCBuildConfiguration section */

/* Begin XCConfigurationList section */
		F85B45A6283C061900F7EE16 /* Build configuration list for PBXProject "Messenger Academy" */ = {
			isa = XCConfigurationList;
			buildConfigurations = (
				F85B45D3283C061900F7EE16 /* Debug */,
				F85B45D4283C061900F7EE16 /* Release */,
			);
			defaultConfigurationIsVisible = 0;
			defaultConfigurationName = Release;
		};
		F85B45D5283C061900F7EE16 /* Build configuration list for PBXNativeTarget "Messenger Academy" */ = {
			isa = XCConfigurationList;
			buildConfigurations = (
				F85B45D6283C061900F7EE16 /* Debug */,
				F85B45D7283C061900F7EE16 /* Release */,
			);
			defaultConfigurationIsVisible = 0;
			defaultConfigurationName = Release;
		};
		F85B45D8283C061900F7EE16 /* Build configuration list for PBXNativeTarget "Messenger AcademyTests" */ = {
			isa = XCConfigurationList;
			buildConfigurations = (
				F85B45D9283C061900F7EE16 /* Debug */,
				F85B45DA283C061900F7EE16 /* Release */,
			);
			defaultConfigurationIsVisible = 0;
			defaultConfigurationName = Release;
		};
		F85B45DB283C061900F7EE16 /* Build configuration list for PBXNativeTarget "Messenger AcademyUITests" */ = {
			isa = XCConfigurationList;
			buildConfigurations = (
				F85B45DC283C061900F7EE16 /* Debug */,
				F85B45DD283C061900F7EE16 /* Release */,
			);
			defaultConfigurationIsVisible = 0;
			defaultConfigurationName = Release;
		};
/* End XCConfigurationList section */
	};
	rootObject = F85B45A3283C061900F7EE16 /* Project object */;
}
